// !$*UTF8*$!
{
	archiveVersion = 1;
	classes = {
	};
	objectVersion = 46;
	objects = {

/* Begin PBXBuildFile section */
		96C64EFE1A08535600456074 /* main.m in Sources */ = {isa = PBXBuildFile; fileRef = 96C64EFD1A08535600456074 /* main.m */; };
		96C64F011A08535600456074 /* AppDelegate.m in Sources */ = {isa = PBXBuildFile; fileRef = 96C64F001A08535600456074 /* AppDelegate.m */; };
		96C64F041A08535600456074 /* PanoGram.xcdatamodeld in Sources */ = {isa = PBXBuildFile; fileRef = 96C64F021A08535600456074 /* PanoGram.xcdatamodeld */; };
		96C64F071A08535600456074 /* ViewController.m in Sources */ = {isa = PBXBuildFile; fileRef = 96C64F061A08535600456074 /* ViewController.m */; };
		96C64F0A1A08535600456074 /* Main.storyboard in Resources */ = {isa = PBXBuildFile; fileRef = 96C64F081A08535600456074 /* Main.storyboard */; };
		96C64F0C1A08535600456074 /* Images.xcassets in Resources */ = {isa = PBXBuildFile; fileRef = 96C64F0B1A08535600456074 /* Images.xcassets */; };
		96C64F0F1A08535600456074 /* LaunchScreen.xib in Resources */ = {isa = PBXBuildFile; fileRef = 96C64F0D1A08535600456074 /* LaunchScreen.xib */; };
		96C64F1B1A08535600456074 /* PanoGramTests.m in Sources */ = {isa = PBXBuildFile; fileRef = 96C64F1A1A08535600456074 /* PanoGramTests.m */; };
/* End PBXBuildFile section */

/* Begin PBXContainerItemProxy section */
		96C64F151A08535600456074 /* PBXContainerItemProxy */ = {
			isa = PBXContainerItemProxy;
			containerPortal = 96C64EF01A08535600456074 /* Project object */;
			proxyType = 1;
			remoteGlobalIDString = 96C64EF71A08535600456074;
			remoteInfo = PanoGram;
		};
/* End PBXContainerItemProxy section */

/* Begin PBXFileReference section */
		96C64EF81A08535600456074 /* PanoGram.app */ = {isa = PBXFileReference; explicitFileType = wrapper.application; includeInIndex = 0; path = PanoGram.app; sourceTree = BUILT_PRODUCTS_DIR; };
		96C64EFC1A08535600456074 /* Info.plist */ = {isa = PBXFileReference; lastKnownFileType = text.plist.xml; path = Info.plist; sourceTree = "<group>"; };
		96C64EFD1A08535600456074 /* main.m */ = {isa = PBXFileReference; lastKnownFileType = sourcecode.c.objc; path = main.m; sourceTree = "<group>"; };
		96C64EFF1A08535600456074 /* AppDelegate.h */ = {isa = PBXFileReference; lastKnownFileType = sourcecode.c.h; path = AppDelegate.h; sourceTree = "<group>"; };
		96C64F001A08535600456074 /* AppDelegate.m */ = {isa = PBXFileReference; lastKnownFileType = sourcecode.c.objc; path = AppDelegate.m; sourceTree = "<group>"; };
		96C64F031A08535600456074 /* PanoGram.xcdatamodel */ = {isa = PBXFileReference; lastKnownFileType = wrapper.xcdatamodel; path = PanoGram.xcdatamodel; sourceTree = "<group>"; };
		96C64F051A08535600456074 /* ViewController.h */ = {isa = PBXFileReference; lastKnownFileType = sourcecode.c.h; path = ViewController.h; sourceTree = "<group>"; };
		96C64F061A08535600456074 /* ViewController.m */ = {isa = PBXFileReference; lastKnownFileType = sourcecode.c.objc; path = ViewController.m; sourceTree = "<group>"; };
		96C64F091A08535600456074 /* Base */ = {isa = PBXFileReference; lastKnownFileType = file.storyboard; name = Base; path = Base.lproj/Main.storyboard; sourceTree = "<group>"; };
		96C64F0B1A08535600456074 /* Images.xcassets */ = {isa = PBXFileReference; lastKnownFileType = folder.assetcatalog; path = Images.xcassets; sourceTree = "<group>"; };
		96C64F0E1A08535600456074 /* Base */ = {isa = PBXFileReference; lastKnownFileType = file.xib; name = Base; path = Base.lproj/LaunchScreen.xib; sourceTree = "<group>"; };
		96C64F141A08535600456074 /* PanoGramTests.xctest */ = {isa = PBXFileReference; explicitFileType = wrapper.cfbundle; includeInIndex = 0; path = PanoGramTests.xctest; sourceTree = BUILT_PRODUCTS_DIR; };
		96C64F191A08535600456074 /* Info.plist */ = {isa = PBXFileReference; lastKnownFileType = text.plist.xml; path = Info.plist; sourceTree = "<group>"; };
		96C64F1A1A08535600456074 /* PanoGramTests.m */ = {isa = PBXFileReference; lastKnownFileType = sourcecode.c.objc; path = PanoGramTests.m; sourceTree = "<group>"; };
/* End PBXFileReference section */

/* Begin PBXFrameworksBuildPhase section */
		96C64EF51A08535600456074 /* Frameworks */ = {
			isa = PBXFrameworksBuildPhase;
			buildActionMask = 2147483647;
			files = (
			);
			runOnlyForDeploymentPostprocessing = 0;
		};
		96C64F111A08535600456074 /* Frameworks */ = {
			isa = PBXFrameworksBuildPhase;
			buildActionMask = 2147483647;
			files = (
			);
			runOnlyForDeploymentPostprocessing = 0;
		};
/* End PBXFrameworksBuildPhase section */

/* Begin PBXGroup section */
		96C64EEF1A08535600456074 = {
			isa = PBXGroup;
			children = (
				96C64EFA1A08535600456074 /* PanoGram */,
				96C64F171A08535600456074 /* PanoGramTests */,
				96C64EF91A08535600456074 /* Products */,
			);
			sourceTree = "<group>";
		};
		96C64EF91A08535600456074 /* Products */ = {
			isa = PBXGroup;
			children = (
				96C64EF81A08535600456074 /* PanoGram.app */,
				96C64F141A08535600456074 /* PanoGramTests.xctest */,
			);
			name = Products;
			sourceTree = "<group>";
		};
		96C64EFA1A08535600456074 /* PanoGram */ = {
			isa = PBXGroup;
			children = (
				96C64EFF1A08535600456074 /* AppDelegate.h */,
				96C64F001A08535600456074 /* AppDelegate.m */,
				96C64F051A08535600456074 /* ViewController.h */,
				96C64F061A08535600456074 /* ViewController.m */,
				96C64F081A08535600456074 /* Main.storyboard */,
				96C64F0B1A08535600456074 /* Images.xcassets */,
				96C64F0D1A08535600456074 /* LaunchScreen.xib */,
				96C64F021A08535600456074 /* PanoGram.xcdatamodeld */,
				96C64EFB1A08535600456074 /* Supporting Files */,
			);
			path = PanoGram;
			sourceTree = "<group>";
		};
		96C64EFB1A08535600456074 /* Supporting Files */ = {
			isa = PBXGroup;
			children = (
				96C64EFC1A08535600456074 /* Info.plist */,
				96C64EFD1A08535600456074 /* main.m */,
			);
			name = "Supporting Files";
			sourceTree = "<group>";
		};
		96C64F171A08535600456074 /* PanoGramTests */ = {
			isa = PBXGroup;
			children = (
				96C64F1A1A08535600456074 /* PanoGramTests.m */,
				96C64F181A08535600456074 /* Supporting Files */,
			);
			path = PanoGramTests;
			sourceTree = "<group>";
		};
		96C64F181A08535600456074 /* Supporting Files */ = {
			isa = PBXGroup;
			children = (
				96C64F191A08535600456074 /* Info.plist */,
			);
			name = "Supporting Files";
			sourceTree = "<group>";
		};
/* End PBXGroup section */

/* Begin PBXNativeTarget section */
		96C64EF71A08535600456074 /* PanoGram */ = {
			isa = PBXNativeTarget;
			buildConfigurationList = 96C64F1E1A08535600456074 /* Build configuration list for PBXNativeTarget "PanoGram" */;
			buildPhases = (
				96C64EF41A08535600456074 /* Sources */,
				96C64EF51A08535600456074 /* Frameworks */,
				96C64EF61A08535600456074 /* Resources */,
			);
			buildRules = (
			);
			dependencies = (
			);
			name = PanoGram;
			productName = PanoGram;
			productReference = 96C64EF81A08535600456074 /* PanoGram.app */;
			productType = "com.apple.product-type.application";
		};
		96C64F131A08535600456074 /* PanoGramTests */ = {
			isa = PBXNativeTarget;
			buildConfigurationList = 96C64F211A08535600456074 /* Build configuration list for PBXNativeTarget "PanoGramTests" */;
			buildPhases = (
				96C64F101A08535600456074 /* Sources */,
				96C64F111A08535600456074 /* Frameworks */,
				96C64F121A08535600456074 /* Resources */,
			);
			buildRules = (
			);
			dependencies = (
				96C64F161A08535600456074 /* PBXTargetDependency */,
			);
			name = PanoGramTests;
			productName = PanoGramTests;
			productReference = 96C64F141A08535600456074 /* PanoGramTests.xctest */;
			productType = "com.apple.product-type.bundle.unit-test";
		};
/* End PBXNativeTarget section */

/* Begin PBXProject section */
		96C64EF01A08535600456074 /* Project object */ = {
			isa = PBXProject;
			attributes = {
				LastUpgradeCheck = 0610;
				ORGANIZATIONNAME = "Gin Lane";
				TargetAttributes = {
					96C64EF71A08535600456074 = {
						CreatedOnToolsVersion = 6.1;
					};
					96C64F131A08535600456074 = {
						CreatedOnToolsVersion = 6.1;
						TestTargetID = 96C64EF71A08535600456074;
					};
				};
			};
			buildConfigurationList = 96C64EF31A08535600456074 /* Build configuration list for PBXProject "PanoGram" */;
			compatibilityVersion = "Xcode 3.2";
			developmentRegion = English;
			hasScannedForEncodings = 0;
			knownRegions = (
				en,
				Base,
			);
			mainGroup = 96C64EEF1A08535600456074;
			productRefGroup = 96C64EF91A08535600456074 /* Products */;
			projectDirPath = "";
			projectRoot = "";
			targets = (
				96C64EF71A08535600456074 /* PanoGram */,
				96C64F131A08535600456074 /* PanoGramTests */,
			);
		};
/* End PBXProject section */

/* Begin PBXResourcesBuildPhase section */
		96C64EF61A08535600456074 /* Resources */ = {
			isa = PBXResourcesBuildPhase;
			buildActionMask = 2147483647;
			files = (
				96C64F0A1A08535600456074 /* Main.storyboard in Resources */,
				96C64F0F1A08535600456074 /* LaunchScreen.xib in Resources */,
				96C64F0C1A08535600456074 /* Images.xcassets in Resources */,
			);
			runOnlyForDeploymentPostprocessing = 0;
		};
		96C64F121A08535600456074 /* Resources */ = {
			isa = PBXResourcesBuildPhase;
			buildActionMask = 2147483647;
			files = (
			);
			runOnlyForDeploymentPostprocessing = 0;
		};
/* End PBXResourcesBuildPhase section */

/* Begin PBXSourcesBuildPhase section */
		96C64EF41A08535600456074 /* Sources */ = {
			isa = PBXSourcesBuildPhase;
			buildActionMask = 2147483647;
			files = (
				96C64F011A08535600456074 /* AppDelegate.m in Sources */,
				96C64EFE1A08535600456074 /* main.m in Sources */,
				96C64F071A08535600456074 /* ViewController.m in Sources */,
				96C64F041A08535600456074 /* PanoGram.xcdatamodeld in Sources */,
			);
			runOnlyForDeploymentPostprocessing = 0;
		};
		96C64F101A08535600456074 /* Sources */ = {
			isa = PBXSourcesBuildPhase;
			buildActionMask = 2147483647;
			files = (
				96C64F1B1A08535600456074 /* PanoGramTests.m in Sources */,
			);
			runOnlyForDeploymentPostprocessing = 0;
		};
/* End PBXSourcesBuildPhase section */

/* Begin PBXTargetDependency section */
		96C64F161A08535600456074 /* PBXTargetDependency */ = {
			isa = PBXTargetDependency;
			target = 96C64EF71A08535600456074 /* PanoGram */;
			targetProxy = 96C64F151A08535600456074 /* PBXContainerItemProxy */;
		};
/* End PBXTargetDependency section */

/* Begin PBXVariantGroup section */
		96C64F081A08535600456074 /* Main.storyboard */ = {
			isa = PBXVariantGroup;
			children = (
				96C64F091A08535600456074 /* Base */,
			);
			name = Main.storyboard;
			sourceTree = "<group>";
		};
		96C64F0D1A08535600456074 /* LaunchScreen.xib */ = {
			isa = PBXVariantGroup;
			children = (
				96C64F0E1A08535600456074 /* Base */,
			);
			name = LaunchScreen.xib;
			sourceTree = "<group>";
		};
/* End PBXVariantGroup section */

/* Begin XCBuildConfiguration section */
		96C64F1C1A08535600456074 /* Debug */ = {
			isa = XCBuildConfiguration;
			buildSettings = {
				ALWAYS_SEARCH_USER_PATHS = NO;
				CLANG_CXX_LANGUAGE_STANDARD = "gnu++0x";
				CLANG_CXX_LIBRARY = "libc++";
				CLANG_ENABLE_MODULES = YES;
				CLANG_ENABLE_OBJC_ARC = YES;
				CLANG_WARN_BOOL_CONVERSION = YES;
				CLANG_WARN_CONSTANT_CONVERSION = YES;
				CLANG_WARN_DIRECT_OBJC_ISA_USAGE = YES_ERROR;
				CLANG_WARN_EMPTY_BODY = YES;
				CLANG_WARN_ENUM_CONVERSION = YES;
				CLANG_WARN_INT_CONVERSION = YES;
				CLANG_WARN_OBJC_ROOT_CLASS = YES_ERROR;
				CLANG_WARN_UNREACHABLE_CODE = YES;
				CLANG_WARN__DUPLICATE_METHOD_MATCH = YES;
				"CODE_SIGN_IDENTITY[sdk=iphoneos*]" = "iPhone Developer";
				COPY_PHASE_STRIP = NO;
				ENABLE_STRICT_OBJC_MSGSEND = YES;
				GCC_C_LANGUAGE_STANDARD = gnu99;
				GCC_DYNAMIC_NO_PIC = NO;
				GCC_OPTIMIZATION_LEVEL = 0;
				GCC_PREPROCESSOR_DEFINITIONS = (
					"DEBUG=1",
					"$(inherited)",
				);
				GCC_SYMBOLS_PRIVATE_EXTERN = NO;
				GCC_WARN_64_TO_32_BIT_CONVERSION = YES;
				GCC_WARN_ABOUT_RETURN_TYPE = YES_ERROR;
				GCC_WARN_UNDECLARED_SELECTOR = YES;
				GCC_WARN_UNINITIALIZED_AUTOS = YES_AGGRESSIVE;
				GCC_WARN_UNUSED_FUNCTION = YES;
				GCC_WARN_UNUSED_VARIABLE = YES;
				IPHONEOS_DEPLOYMENT_TARGET = 8.1;
				MTL_ENABLE_DEBUG_INFO = YES;
				ONLY_ACTIVE_ARCH = YES;
				SDKROOT = iphoneos;
				TARGETED_DEVICE_FAMILY = "1,2";
			};
			name = Debug;
		};
		96C64F1D1A08535600456074 /* Release */ = {
			isa = XCBuildConfiguration;
			buildSettings = {
				ALWAYS_SEARCH_USER_PATHS = NO;
				CLANG_CXX_LANGUAGE_STANDARD = "gnu++0x";
				CLANG_CXX_LIBRARY = "libc++";
				CLANG_ENABLE_MODULES = YES;
				CLANG_ENABLE_OBJC_ARC = YES;
				CLANG_WARN_BOOL_CONVERSION = YES;
				CLANG_WARN_CONSTANT_CONVERSION = YES;
				CLANG_WARN_DIRECT_OBJC_ISA_USAGE = YES_ERROR;
				CLANG_WARN_EMPTY_BODY = YES;
				CLANG_WARN_ENUM_CONVERSION = YES;
				CLANG_WARN_INT_CONVERSION = YES;
				CLANG_WARN_OBJC_ROOT_CLASS = YES_ERROR;
				CLANG_WARN_UNREACHABLE_CODE = YES;
				CLANG_WARN__DUPLICATE_METHOD_MATCH = YES;
				"CODE_SIGN_IDENTITY[sdk=iphoneos*]" = "iPhone Developer";
				COPY_PHASE_STRIP = YES;
				ENABLE_NS_ASSERTIONS = NO;
				ENABLE_STRICT_OBJC_MSGSEND = YES;
				GCC_C_LANGUAGE_STANDARD = gnu99;
				GCC_WARN_64_TO_32_BIT_CONVERSION = YES;
				GCC_WARN_ABOUT_RETURN_TYPE = YES_ERROR;
				GCC_WARN_UNDECLARED_SELECTOR = YES;
				GCC_WARN_UNINITIALIZED_AUTOS = YES_AGGRESSIVE;
				GCC_WARN_UNUSED_FUNCTION = YES;
				GCC_WARN_UNUSED_VARIABLE = YES;
				IPHONEOS_DEPLOYMENT_TARGET = 8.1;
				MTL_ENABLE_DEBUG_INFO = NO;
				SDKROOT = iphoneos;
				TARGETED_DEVICE_FAMILY = "1,2";
				VALIDATE_PRODUCT = YES;
			};
			name = Release;
		};
		96C64F1F1A08535600456074 /* Debug */ = {
			isa = XCBuildConfiguration;
			buildSettings = {
				ASSETCATALOG_COMPILER_APPICON_NAME = AppIcon;
				INFOPLIST_FILE = PanoGram/Info.plist;
				LD_RUNPATH_SEARCH_PATHS = "$(inherited) @executable_path/Frameworks";
				PRODUCT_NAME = "$(TARGET_NAME)";
			};
			name = Debug;
		};
		96C64F201A08535600456074 /* Release */ = {
			isa = XCBuildConfiguration;
			buildSettings = {
				ASSETCATALOG_COMPILER_APPICON_NAME = AppIcon;
				INFOPLIST_FILE = PanoGram/Info.plist;
				LD_RUNPATH_SEARCH_PATHS = "$(inherited) @executable_path/Frameworks";
				PRODUCT_NAME = "$(TARGET_NAME)";
			};
			name = Release;
		};
		96C64F221A08535600456074 /* Debug */ = {
			isa = XCBuildConfiguration;
			buildSettings = {
				BUNDLE_LOADER = "$(TEST_HOST)";
				FRAMEWORK_SEARCH_PATHS = (
					"$(SDKROOT)/Developer/Library/Frameworks",
					"$(inherited)",
				);
				GCC_PREPROCESSOR_DEFINITIONS = (
					"DEBUG=1",
					"$(inherited)",
				);
				INFOPLIST_FILE = PanoGramTests/Info.plist;
				LD_RUNPATH_SEARCH_PATHS = "$(inherited) @executable_path/Frameworks @loader_path/Frameworks";
				PRODUCT_NAME = "$(TARGET_NAME)";
				TEST_HOST = "$(BUILT_PRODUCTS_DIR)/PanoGram.app/PanoGram";
			};
			name = Debug;
		};
		96C64F231A08535600456074 /* Release */ = {
			isa = XCBuildConfiguration;
			buildSettings = {
				BUNDLE_LOADER = "$(TEST_HOST)";
				FRAMEWORK_SEARCH_PATHS = (
					"$(SDKROOT)/Developer/Library/Frameworks",
					"$(inherited)",
				);
				INFOPLIST_FILE = PanoGramTests/Info.plist;
				LD_RUNPATH_SEARCH_PATHS = "$(inherited) @executable_path/Frameworks @loader_path/Frameworks";
				PRODUCT_NAME = "$(TARGET_NAME)";
				TEST_HOST = "$(BUILT_PRODUCTS_DIR)/PanoGram.app/PanoGram";
			};
			name = Release;
		};
/* End XCBuildConfiguration section */

/* Begin XCConfigurationList section */
		96C64EF31A08535600456074 /* Build configuration list for PBXProject "PanoGram" */ = {
			isa = XCConfigurationList;
			buildConfigurations = (
				96C64F1C1A08535600456074 /* Debug */,
				96C64F1D1A08535600456074 /* Release */,
			);
			defaultConfigurationIsVisible = 0;
			defaultConfigurationName = Release;
		};
		96C64F1E1A08535600456074 /* Build configuration list for PBXNativeTarget "PanoGram" */ = {
			isa = XCConfigurationList;
			buildConfigurations = (
				96C64F1F1A08535600456074 /* Debug */,
				96C64F201A08535600456074 /* Release */,
			);
			defaultConfigurationIsVisible = 0;
		};
		96C64F211A08535600456074 /* Build configuration list for PBXNativeTarget "PanoGramTests" */ = {
			isa = XCConfigurationList;
			buildConfigurations = (
				96C64F221A08535600456074 /* Debug */,
				96C64F231A08535600456074 /* Release */,
			);
			defaultConfigurationIsVisible = 0;
		};
/* End XCConfigurationList section */

/* Begin XCVersionGroup section */
		96C64F021A08535600456074 /* PanoGram.xcdatamodeld */ = {
			isa = XCVersionGroup;
			children = (
				96C64F031A08535600456074 /* PanoGram.xcdatamodel */,
			);
			currentVersion = 96C64F031A08535600456074 /* PanoGram.xcdatamodel */;
			path = PanoGram.xcdatamodeld;
			sourceTree = "<group>";
			versionGroupType = wrapper.xcdatamodel;
		};
/* End XCVersionGroup section */
	};
	rootObject = 96C64EF01A08535600456074 /* Project object */;
}
